
Microsoft Visual Studio Solution File, Format Version 12.00
# Visual Studio Version 17
VisualStudioVersion = 17.0.31825.309
MinimumVisualStudioVersion = 10.0.40219.1
Project("{D954291E-2A0B-460D-934E-DC6B0785DB48}") = "QuestPdf.Shared", "QuestPdf\QuestPdf.Shared\QuestPdf.Shared.shproj", "{6279C845-92F8-4333-AB99-3D213163593C}"
EndProject
Project("{2150E333-8FDC-42A3-9474-1A3956D46DE8}") = "Platforms", "Platforms", "{FB8816DC-E58B-45D4-ACAB-67C29245173C}"
EndProject
Project("{FAE04EC0-301F-11D3-BF4B-00C04F79EFBC}") = "QuestPdf.Droid", "QuestPdf\QuestPdf.Droid\QuestPdf.Droid.csproj", "{DB6D4E7A-19D0-475F-9834-99CA3260537D}"
EndProject
Project("{FAE04EC0-301F-11D3-BF4B-00C04F79EFBC}") = "QuestPdf.iOS", "QuestPdf\QuestPdf.iOS\QuestPdf.iOS.csproj", "{97B851CA-096D-4B21-AB42-C856D6D068AA}"
EndProject
Project("{FAE04EC0-301F-11D3-BF4B-00C04F79EFBC}") = "QuestPdf.UWP", "QuestPdf\QuestPdf.UWP\QuestPdf.UWP.csproj", "{F4EB6F81-8AA8-4081-9A4A-EA7C50B43EAA}"
EndProject
Project("{FAE04EC0-301F-11D3-BF4B-00C04F79EFBC}") = "QuestPdf.Wasm", "QuestPdf\QuestPdf.Wasm\QuestPdf.Wasm.csproj", "{34020BE1-932E-433B-A8EE-EF1979ABD461}"
EndProject
Project("{FAE04EC0-301F-11D3-BF4B-00C04F79EFBC}") = "QuestPdf.macOS", "QuestPdf\QuestPdf.macOS\QuestPdf.macOS.csproj", "{0293D155-9D30-48EB-A833-F0211457A26D}"
EndProject
Project("{FAE04EC0-301F-11D3-BF4B-00C04F79EFBC}") = "QuestPdf.Skia.Wpf.Host", "QuestPdf\QuestPdf.Skia.Wpf.Host\QuestPdf.Skia.Wpf.Host.csproj", "{3E55D0F1-1473-46B9-8A09-C48824E1EB9E}"
EndProject
Project("{FAE04EC0-301F-11D3-BF4B-00C04F79EFBC}") = "QuestPdf.Skia.Wpf", "QuestPdf\QuestPdf.Skia.Wpf\QuestPdf.Skia.Wpf.csproj", "{736F3C3F-0819-4CC2-9355-22EF759C04C9}"
EndProject
Project("{FAE04EC0-301F-11D3-BF4B-00C04F79EFBC}") = "QuestPdf.Skia.Gtk", "QuestPdf\QuestPdf.Skia.Gtk\QuestPdf.Skia.Gtk.csproj", "{F5F98831-8C50-4AD3-8314-0A76402FD333}"
EndProject
Project("{FAE04EC0-301F-11D3-BF4B-00C04F79EFBC}") = "QuestPdf.Skia.Tizen", "QuestPdf\QuestPdf.Skia.Tizen\QuestPdf.Skia.Tizen.csproj", "{A020D5A8-EB07-49D3-8D83-DF3E3267E1FC}"
EndProject
Global
	GlobalSection(SharedMSBuildProjectFiles) = preSolution
		QuestPdf\QuestPdf.Shared\QuestPdf.Shared.projitems*{0293d155-9d30-48eb-a833-f0211457a26d}*SharedItemsImports = 4
		QuestPdf\QuestPdf.Shared\QuestPdf.Shared.projitems*{34020be1-932e-433b-a8ee-ef1979abd461}*SharedItemsImports = 5
		QuestPdf\QuestPdf.Shared\QuestPdf.Shared.projitems*{6279c845-92f8-4333-ab99-3d213163593c}*SharedItemsImports = 13
		QuestPdf\QuestPdf.Shared\QuestPdf.Shared.projitems*{736f3c3f-0819-4cc2-9355-22ef759c04c9}*SharedItemsImports = 5
		QuestPdf\QuestPdf.Shared\QuestPdf.Shared.projitems*{97b851ca-096d-4b21-ab42-c856d6d068aa}*SharedItemsImports = 4
		QuestPdf\QuestPdf.Shared\QuestPdf.Shared.projitems*{a020d5a8-eb07-49d3-8d83-df3e3267e1fc}*SharedItemsImports = 5
		QuestPdf\QuestPdf.Shared\QuestPdf.Shared.projitems*{db6d4e7a-19d0-475f-9834-99ca3260537d}*SharedItemsImports = 4
		QuestPdf\QuestPdf.Shared\QuestPdf.Shared.projitems*{f4eb6f81-8aa8-4081-9a4a-ea7c50b43eaa}*SharedItemsImports = 4
		QuestPdf\QuestPdf.Shared\QuestPdf.Shared.projitems*{f5f98831-8c50-4ad3-8314-0a76402fd333}*SharedItemsImports = 5
	EndGlobalSection
	GlobalSection(SolutionConfigurationPlatforms) = preSolution
		Ad-Hoc|Any CPU = Ad-Hoc|Any CPU
		Ad-Hoc|ARM = Ad-Hoc|ARM
		Ad-Hoc|ARM64 = Ad-Hoc|ARM64
		Ad-Hoc|iPhone = Ad-Hoc|iPhone
		Ad-Hoc|iPhoneSimulator = Ad-Hoc|iPhoneSimulator
		Ad-Hoc|x64 = Ad-Hoc|x64
		Ad-Hoc|x86 = Ad-Hoc|x86
		AppStore|Any CPU = AppStore|Any CPU
		AppStore|ARM = AppStore|ARM
		AppStore|ARM64 = AppStore|ARM64
		AppStore|iPhone = AppStore|iPhone
		AppStore|iPhoneSimulator = AppStore|iPhoneSimulator
		AppStore|x64 = AppStore|x64
		AppStore|x86 = AppStore|x86
		Debug|Any CPU = Debug|Any CPU
		Debug|ARM = Debug|ARM
		Debug|ARM64 = Debug|ARM64
		Debug|iPhone = Debug|iPhone
		Debug|iPhoneSimulator = Debug|iPhoneSimulator
		Debug|x64 = Debug|x64
		Debug|x86 = Debug|x86
		Release|Any CPU = Release|Any CPU
		Release|ARM = Release|ARM
		Release|ARM64 = Release|ARM64
		Release|iPhone = Release|iPhone
		Release|iPhoneSimulator = Release|iPhoneSimulator
		Release|x64 = Release|x64
		Release|x86 = Release|x86
	EndGlobalSection
	GlobalSection(ProjectConfigurationPlatforms) = postSolution
		{DB6D4E7A-19D0-475F-9834-99CA3260537D}.Ad-Hoc|Any CPU.ActiveCfg = Debug|Any CPU
		{DB6D4E7A-19D0-475F-9834-99CA3260537D}.Ad-Hoc|Any CPU.Build.0 = Debug|Any CPU
		{DB6D4E7A-19D0-475F-9834-99CA3260537D}.Ad-Hoc|Any CPU.Deploy.0 = Debug|Any CPU
		{DB6D4E7A-19D0-475F-9834-99CA3260537D}.Ad-Hoc|ARM.ActiveCfg = Debug|Any CPU
		{DB6D4E7A-19D0-475F-9834-99CA3260537D}.Ad-Hoc|ARM.Build.0 = Debug|Any CPU
		{DB6D4E7A-19D0-475F-9834-99CA3260537D}.Ad-Hoc|ARM.Deploy.0 = Debug|Any CPU
		{DB6D4E7A-19D0-475F-9834-99CA3260537D}.Ad-Hoc|ARM64.ActiveCfg = Debug|Any CPU
		{DB6D4E7A-19D0-475F-9834-99CA3260537D}.Ad-Hoc|ARM64.Build.0 = Debug|Any CPU
		{DB6D4E7A-19D0-475F-9834-99CA3260537D}.Ad-Hoc|ARM64.Deploy.0 = Debug|Any CPU
		{DB6D4E7A-19D0-475F-9834-99CA3260537D}.Ad-Hoc|iPhone.ActiveCfg = Debug|Any CPU
		{DB6D4E7A-19D0-475F-9834-99CA3260537D}.Ad-Hoc|iPhone.Build.0 = Debug|Any CPU
		{DB6D4E7A-19D0-475F-9834-99CA3260537D}.Ad-Hoc|iPhone.Deploy.0 = Debug|Any CPU
		{DB6D4E7A-19D0-475F-9834-99CA3260537D}.Ad-Hoc|iPhoneSimulator.ActiveCfg = Debug|Any CPU
		{DB6D4E7A-19D0-475F-9834-99CA3260537D}.Ad-Hoc|iPhoneSimulator.Build.0 = Debug|Any CPU
		{DB6D4E7A-19D0-475F-9834-99CA3260537D}.Ad-Hoc|iPhoneSimulator.Deploy.0 = Debug|Any CPU
		{DB6D4E7A-19D0-475F-9834-99CA3260537D}.Ad-Hoc|x64.ActiveCfg = Debug|Any CPU
		{DB6D4E7A-19D0-475F-9834-99CA3260537D}.Ad-Hoc|x64.Build.0 = Debug|Any CPU
		{DB6D4E7A-19D0-475F-9834-99CA3260537D}.Ad-Hoc|x64.Deploy.0 = Debug|Any CPU
		{DB6D4E7A-19D0-475F-9834-99CA3260537D}.Ad-Hoc|x86.ActiveCfg = Debug|Any CPU
		{DB6D4E7A-19D0-475F-9834-99CA3260537D}.Ad-Hoc|x86.Build.0 = Debug|Any CPU
		{DB6D4E7A-19D0-475F-9834-99CA3260537D}.Ad-Hoc|x86.Deploy.0 = Debug|Any CPU
		{DB6D4E7A-19D0-475F-9834-99CA3260537D}.AppStore|Any CPU.ActiveCfg = Debug|Any CPU
		{DB6D4E7A-19D0-475F-9834-99CA3260537D}.AppStore|Any CPU.Build.0 = Debug|Any CPU
		{DB6D4E7A-19D0-475F-9834-99CA3260537D}.AppStore|Any CPU.Deploy.0 = Debug|Any CPU
		{DB6D4E7A-19D0-475F-9834-99CA3260537D}.AppStore|ARM.ActiveCfg = Debug|Any CPU
		{DB6D4E7A-19D0-475F-9834-99CA3260537D}.AppStore|ARM.Build.0 = Debug|Any CPU
		{DB6D4E7A-19D0-475F-9834-99CA3260537D}.AppStore|ARM.Deploy.0 = Debug|Any CPU
		{DB6D4E7A-19D0-475F-9834-99CA3260537D}.AppStore|ARM64.ActiveCfg = Debug|Any CPU
		{DB6D4E7A-19D0-475F-9834-99CA3260537D}.AppStore|ARM64.Build.0 = Debug|Any CPU
		{DB6D4E7A-19D0-475F-9834-99CA3260537D}.AppStore|ARM64.Deploy.0 = Debug|Any CPU
		{DB6D4E7A-19D0-475F-9834-99CA3260537D}.AppStore|iPhone.ActiveCfg = Debug|Any CPU
		{DB6D4E7A-19D0-475F-9834-99CA3260537D}.AppStore|iPhone.Build.0 = Debug|Any CPU
		{DB6D4E7A-19D0-475F-9834-99CA3260537D}.AppStore|iPhone.Deploy.0 = Debug|Any CPU
		{DB6D4E7A-19D0-475F-9834-99CA3260537D}.AppStore|iPhoneSimulator.ActiveCfg = Debug|Any CPU
		{DB6D4E7A-19D0-475F-9834-99CA3260537D}.AppStore|iPhoneSimulator.Build.0 = Debug|Any CPU
		{DB6D4E7A-19D0-475F-9834-99CA3260537D}.AppStore|iPhoneSimulator.Deploy.0 = Debug|Any CPU
		{DB6D4E7A-19D0-475F-9834-99CA3260537D}.AppStore|x64.ActiveCfg = Debug|Any CPU
		{DB6D4E7A-19D0-475F-9834-99CA3260537D}.AppStore|x64.Build.0 = Debug|Any CPU
		{DB6D4E7A-19D0-475F-9834-99CA3260537D}.AppStore|x64.Deploy.0 = Debug|Any CPU
		{DB6D4E7A-19D0-475F-9834-99CA3260537D}.AppStore|x86.ActiveCfg = Debug|Any CPU
		{DB6D4E7A-19D0-475F-9834-99CA3260537D}.AppStore|x86.Build.0 = Debug|Any CPU
		{DB6D4E7A-19D0-475F-9834-99CA3260537D}.AppStore|x86.Deploy.0 = Debug|Any CPU
		{DB6D4E7A-19D0-475F-9834-99CA3260537D}.Debug|Any CPU.ActiveCfg = Debug|Any CPU
		{DB6D4E7A-19D0-475F-9834-99CA3260537D}.Debug|Any CPU.Build.0 = Debug|Any CPU
		{DB6D4E7A-19D0-475F-9834-99CA3260537D}.Debug|Any CPU.Deploy.0 = Debug|Any CPU
		{DB6D4E7A-19D0-475F-9834-99CA3260537D}.Debug|ARM.ActiveCfg = Debug|Any CPU
		{DB6D4E7A-19D0-475F-9834-99CA3260537D}.Debug|ARM.Build.0 = Debug|Any CPU
		{DB6D4E7A-19D0-475F-9834-99CA3260537D}.Debug|ARM.Deploy.0 = Debug|Any CPU
		{DB6D4E7A-19D0-475F-9834-99CA3260537D}.Debug|ARM64.ActiveCfg = Debug|Any CPU
		{DB6D4E7A-19D0-475F-9834-99CA3260537D}.Debug|ARM64.Build.0 = Debug|Any CPU
		{DB6D4E7A-19D0-475F-9834-99CA3260537D}.Debug|ARM64.Deploy.0 = Debug|Any CPU
		{DB6D4E7A-19D0-475F-9834-99CA3260537D}.Debug|iPhone.ActiveCfg = Debug|Any CPU
		{DB6D4E7A-19D0-475F-9834-99CA3260537D}.Debug|iPhone.Build.0 = Debug|Any CPU
		{DB6D4E7A-19D0-475F-9834-99CA3260537D}.Debug|iPhone.Deploy.0 = Debug|Any CPU
		{DB6D4E7A-19D0-475F-9834-99CA3260537D}.Debug|iPhoneSimulator.ActiveCfg = Debug|Any CPU
		{DB6D4E7A-19D0-475F-9834-99CA3260537D}.Debug|iPhoneSimulator.Build.0 = Debug|Any CPU
		{DB6D4E7A-19D0-475F-9834-99CA3260537D}.Debug|iPhoneSimulator.Deploy.0 = Debug|Any CPU
		{DB6D4E7A-19D0-475F-9834-99CA3260537D}.Debug|x64.ActiveCfg = Debug|Any CPU
		{DB6D4E7A-19D0-475F-9834-99CA3260537D}.Debug|x64.Build.0 = Debug|Any CPU
		{DB6D4E7A-19D0-475F-9834-99CA3260537D}.Debug|x64.Deploy.0 = Debug|Any CPU
		{DB6D4E7A-19D0-475F-9834-99CA3260537D}.Debug|x86.ActiveCfg = Debug|Any CPU
		{DB6D4E7A-19D0-475F-9834-99CA3260537D}.Debug|x86.Build.0 = Debug|Any CPU
		{DB6D4E7A-19D0-475F-9834-99CA3260537D}.Debug|x86.Deploy.0 = Debug|Any CPU
		{DB6D4E7A-19D0-475F-9834-99CA3260537D}.Release|Any CPU.ActiveCfg = Release|Any CPU
		{DB6D4E7A-19D0-475F-9834-99CA3260537D}.Release|Any CPU.Build.0 = Release|Any CPU
		{DB6D4E7A-19D0-475F-9834-99CA3260537D}.Release|Any CPU.Deploy.0 = Release|Any CPU
		{DB6D4E7A-19D0-475F-9834-99CA3260537D}.Release|ARM.ActiveCfg = Release|Any CPU
		{DB6D4E7A-19D0-475F-9834-99CA3260537D}.Release|ARM.Build.0 = Release|Any CPU
		{DB6D4E7A-19D0-475F-9834-99CA3260537D}.Release|ARM.Deploy.0 = Release|Any CPU
		{DB6D4E7A-19D0-475F-9834-99CA3260537D}.Release|ARM64.ActiveCfg = Release|Any CPU
		{DB6D4E7A-19D0-475F-9834-99CA3260537D}.Release|ARM64.Build.0 = Release|Any CPU
		{DB6D4E7A-19D0-475F-9834-99CA3260537D}.Release|ARM64.Deploy.0 = Release|Any CPU
		{DB6D4E7A-19D0-475F-9834-99CA3260537D}.Release|iPhone.ActiveCfg = Release|Any CPU
		{DB6D4E7A-19D0-475F-9834-99CA3260537D}.Release|iPhone.Build.0 = Release|Any CPU
		{DB6D4E7A-19D0-475F-9834-99CA3260537D}.Release|iPhone.Deploy.0 = Release|Any CPU
		{DB6D4E7A-19D0-475F-9834-99CA3260537D}.Release|iPhoneSimulator.ActiveCfg = Release|Any CPU
		{DB6D4E7A-19D0-475F-9834-99CA3260537D}.Release|iPhoneSimulator.Build.0 = Release|Any CPU
		{DB6D4E7A-19D0-475F-9834-99CA3260537D}.Release|iPhoneSimulator.Deploy.0 = Release|Any CPU
		{DB6D4E7A-19D0-475F-9834-99CA3260537D}.Release|x64.ActiveCfg = Release|Any CPU
		{DB6D4E7A-19D0-475F-9834-99CA3260537D}.Release|x64.Build.0 = Release|Any CPU
		{DB6D4E7A-19D0-475F-9834-99CA3260537D}.Release|x64.Deploy.0 = Release|Any CPU
		{DB6D4E7A-19D0-475F-9834-99CA3260537D}.Release|x86.ActiveCfg = Release|Any CPU
		{DB6D4E7A-19D0-475F-9834-99CA3260537D}.Release|x86.Build.0 = Release|Any CPU
		{DB6D4E7A-19D0-475F-9834-99CA3260537D}.Release|x86.Deploy.0 = Release|Any CPU
		{97B851CA-096D-4B21-AB42-C856D6D068AA}.Ad-Hoc|Any CPU.ActiveCfg = Ad-Hoc|iPhoneSimulator
		{97B851CA-096D-4B21-AB42-C856D6D068AA}.Ad-Hoc|Any CPU.Build.0 = Ad-Hoc|iPhoneSimulator
		{97B851CA-096D-4B21-AB42-C856D6D068AA}.Ad-Hoc|ARM.ActiveCfg = Ad-Hoc|iPhoneSimulator
		{97B851CA-096D-4B21-AB42-C856D6D068AA}.Ad-Hoc|ARM.Build.0 = Ad-Hoc|iPhoneSimulator
		{97B851CA-096D-4B21-AB42-C856D6D068AA}.Ad-Hoc|ARM64.ActiveCfg = Ad-Hoc|iPhoneSimulator
		{97B851CA-096D-4B21-AB42-C856D6D068AA}.Ad-Hoc|ARM64.Build.0 = Ad-Hoc|iPhoneSimulator
		{97B851CA-096D-4B21-AB42-C856D6D068AA}.Ad-Hoc|iPhone.ActiveCfg = Ad-Hoc|iPhone
		{97B851CA-096D-4B21-AB42-C856D6D068AA}.Ad-Hoc|iPhone.Build.0 = Ad-Hoc|iPhone
		{97B851CA-096D-4B21-AB42-C856D6D068AA}.Ad-Hoc|iPhoneSimulator.ActiveCfg = Ad-Hoc|iPhoneSimulator
		{97B851CA-096D-4B21-AB42-C856D6D068AA}.Ad-Hoc|iPhoneSimulator.Build.0 = Ad-Hoc|iPhoneSimulator
		{97B851CA-096D-4B21-AB42-C856D6D068AA}.Ad-Hoc|x64.ActiveCfg = Ad-Hoc|iPhoneSimulator
		{97B851CA-096D-4B21-AB42-C856D6D068AA}.Ad-Hoc|x64.Build.0 = Ad-Hoc|iPhoneSimulator
		{97B851CA-096D-4B21-AB42-C856D6D068AA}.Ad-Hoc|x86.ActiveCfg = Ad-Hoc|iPhoneSimulator
		{97B851CA-096D-4B21-AB42-C856D6D068AA}.Ad-Hoc|x86.Build.0 = Ad-Hoc|iPhoneSimulator
		{97B851CA-096D-4B21-AB42-C856D6D068AA}.AppStore|Any CPU.ActiveCfg = AppStore|iPhoneSimulator
		{97B851CA-096D-4B21-AB42-C856D6D068AA}.AppStore|Any CPU.Build.0 = AppStore|iPhoneSimulator
		{97B851CA-096D-4B21-AB42-C856D6D068AA}.AppStore|ARM.ActiveCfg = AppStore|iPhoneSimulator
		{97B851CA-096D-4B21-AB42-C856D6D068AA}.AppStore|ARM.Build.0 = AppStore|iPhoneSimulator
		{97B851CA-096D-4B21-AB42-C856D6D068AA}.AppStore|ARM64.ActiveCfg = AppStore|iPhoneSimulator
		{97B851CA-096D-4B21-AB42-C856D6D068AA}.AppStore|ARM64.Build.0 = AppStore|iPhoneSimulator
		{97B851CA-096D-4B21-AB42-C856D6D068AA}.AppStore|iPhone.ActiveCfg = AppStore|iPhone
		{97B851CA-096D-4B21-AB42-C856D6D068AA}.AppStore|iPhone.Build.0 = AppStore|iPhone
		{97B851CA-096D-4B21-AB42-C856D6D068AA}.AppStore|iPhoneSimulator.ActiveCfg = AppStore|iPhoneSimulator
		{97B851CA-096D-4B21-AB42-C856D6D068AA}.AppStore|iPhoneSimulator.Build.0 = AppStore|iPhoneSimulator
		{97B851CA-096D-4B21-AB42-C856D6D068AA}.AppStore|x64.ActiveCfg = AppStore|iPhoneSimulator
		{97B851CA-096D-4B21-AB42-C856D6D068AA}.AppStore|x64.Build.0 = AppStore|iPhoneSimulator
		{97B851CA-096D-4B21-AB42-C856D6D068AA}.AppStore|x86.ActiveCfg = AppStore|iPhoneSimulator
		{97B851CA-096D-4B21-AB42-C856D6D068AA}.AppStore|x86.Build.0 = AppStore|iPhoneSimulator
		{97B851CA-096D-4B21-AB42-C856D6D068AA}.Debug|Any CPU.ActiveCfg = Debug|iPhoneSimulator
		{97B851CA-096D-4B21-AB42-C856D6D068AA}.Debug|Any CPU.Build.0 = Debug|iPhoneSimulator
		{97B851CA-096D-4B21-AB42-C856D6D068AA}.Debug|ARM.ActiveCfg = Debug|iPhoneSimulator
		{97B851CA-096D-4B21-AB42-C856D6D068AA}.Debug|ARM.Build.0 = Debug|iPhoneSimulator
		{97B851CA-096D-4B21-AB42-C856D6D068AA}.Debug|ARM64.ActiveCfg = Debug|iPhoneSimulator
		{97B851CA-096D-4B21-AB42-C856D6D068AA}.Debug|ARM64.Build.0 = Debug|iPhoneSimulator
		{97B851CA-096D-4B21-AB42-C856D6D068AA}.Debug|iPhone.ActiveCfg = Debug|iPhone
		{97B851CA-096D-4B21-AB42-C856D6D068AA}.Debug|iPhone.Build.0 = Debug|iPhone
		{97B851CA-096D-4B21-AB42-C856D6D068AA}.Debug|iPhoneSimulator.ActiveCfg = Debug|iPhoneSimulator
		{97B851CA-096D-4B21-AB42-C856D6D068AA}.Debug|iPhoneSimulator.Build.0 = Debug|iPhoneSimulator
		{97B851CA-096D-4B21-AB42-C856D6D068AA}.Debug|x64.ActiveCfg = Debug|iPhoneSimulator
		{97B851CA-096D-4B21-AB42-C856D6D068AA}.Debug|x64.Build.0 = Debug|iPhoneSimulator
		{97B851CA-096D-4B21-AB42-C856D6D068AA}.Debug|x86.ActiveCfg = Debug|iPhoneSimulator
		{97B851CA-096D-4B21-AB42-C856D6D068AA}.Debug|x86.Build.0 = Debug|iPhoneSimulator
		{97B851CA-096D-4B21-AB42-C856D6D068AA}.Release|Any CPU.ActiveCfg = Release|iPhoneSimulator
		{97B851CA-096D-4B21-AB42-C856D6D068AA}.Release|Any CPU.Build.0 = Release|iPhoneSimulator
		{97B851CA-096D-4B21-AB42-C856D6D068AA}.Release|ARM.ActiveCfg = Release|iPhoneSimulator
		{97B851CA-096D-4B21-AB42-C856D6D068AA}.Release|ARM.Build.0 = Release|iPhoneSimulator
		{97B851CA-096D-4B21-AB42-C856D6D068AA}.Release|ARM64.ActiveCfg = Release|iPhoneSimulator
		{97B851CA-096D-4B21-AB42-C856D6D068AA}.Release|ARM64.Build.0 = Release|iPhoneSimulator
		{97B851CA-096D-4B21-AB42-C856D6D068AA}.Release|iPhone.ActiveCfg = Release|iPhone
		{97B851CA-096D-4B21-AB42-C856D6D068AA}.Release|iPhone.Build.0 = Release|iPhone
		{97B851CA-096D-4B21-AB42-C856D6D068AA}.Release|iPhoneSimulator.ActiveCfg = Release|iPhoneSimulator
		{97B851CA-096D-4B21-AB42-C856D6D068AA}.Release|iPhoneSimulator.Build.0 = Release|iPhoneSimulator
		{97B851CA-096D-4B21-AB42-C856D6D068AA}.Release|x64.ActiveCfg = Release|iPhoneSimulator
		{97B851CA-096D-4B21-AB42-C856D6D068AA}.Release|x64.Build.0 = Release|iPhoneSimulator
		{97B851CA-096D-4B21-AB42-C856D6D068AA}.Release|x86.ActiveCfg = Release|iPhoneSimulator
		{97B851CA-096D-4B21-AB42-C856D6D068AA}.Release|x86.Build.0 = Release|iPhoneSimulator
		{F4EB6F81-8AA8-4081-9A4A-EA7C50B43EAA}.Ad-Hoc|Any CPU.ActiveCfg = Debug|x86
		{F4EB6F81-8AA8-4081-9A4A-EA7C50B43EAA}.Ad-Hoc|Any CPU.Build.0 = Debug|x86
		{F4EB6F81-8AA8-4081-9A4A-EA7C50B43EAA}.Ad-Hoc|Any CPU.Deploy.0 = Debug|x86
		{F4EB6F81-8AA8-4081-9A4A-EA7C50B43EAA}.Ad-Hoc|ARM.ActiveCfg = Debug|ARM
		{F4EB6F81-8AA8-4081-9A4A-EA7C50B43EAA}.Ad-Hoc|ARM.Build.0 = Debug|ARM
		{F4EB6F81-8AA8-4081-9A4A-EA7C50B43EAA}.Ad-Hoc|ARM.Deploy.0 = Debug|ARM
		{F4EB6F81-8AA8-4081-9A4A-EA7C50B43EAA}.Ad-Hoc|ARM64.ActiveCfg = Debug|ARM64
		{F4EB6F81-8AA8-4081-9A4A-EA7C50B43EAA}.Ad-Hoc|ARM64.Build.0 = Debug|ARM64
		{F4EB6F81-8AA8-4081-9A4A-EA7C50B43EAA}.Ad-Hoc|ARM64.Deploy.0 = Debug|ARM64
		{F4EB6F81-8AA8-4081-9A4A-EA7C50B43EAA}.Ad-Hoc|iPhone.ActiveCfg = Debug|x86
		{F4EB6F81-8AA8-4081-9A4A-EA7C50B43EAA}.Ad-Hoc|iPhone.Build.0 = Debug|x86
		{F4EB6F81-8AA8-4081-9A4A-EA7C50B43EAA}.Ad-Hoc|iPhone.Deploy.0 = Debug|x86
		{F4EB6F81-8AA8-4081-9A4A-EA7C50B43EAA}.Ad-Hoc|iPhoneSimulator.ActiveCfg = Debug|x86
		{F4EB6F81-8AA8-4081-9A4A-EA7C50B43EAA}.Ad-Hoc|iPhoneSimulator.Build.0 = Debug|x86
		{F4EB6F81-8AA8-4081-9A4A-EA7C50B43EAA}.Ad-Hoc|iPhoneSimulator.Deploy.0 = Debug|x86
		{F4EB6F81-8AA8-4081-9A4A-EA7C50B43EAA}.Ad-Hoc|x64.ActiveCfg = Debug|x64
		{F4EB6F81-8AA8-4081-9A4A-EA7C50B43EAA}.Ad-Hoc|x64.Build.0 = Debug|x64
		{F4EB6F81-8AA8-4081-9A4A-EA7C50B43EAA}.Ad-Hoc|x64.Deploy.0 = Debug|x64
		{F4EB6F81-8AA8-4081-9A4A-EA7C50B43EAA}.Ad-Hoc|x86.ActiveCfg = Debug|x86
		{F4EB6F81-8AA8-4081-9A4A-EA7C50B43EAA}.Ad-Hoc|x86.Build.0 = Debug|x86
		{F4EB6F81-8AA8-4081-9A4A-EA7C50B43EAA}.Ad-Hoc|x86.Deploy.0 = Debug|x86
		{F4EB6F81-8AA8-4081-9A4A-EA7C50B43EAA}.AppStore|Any CPU.ActiveCfg = Debug|x86
		{F4EB6F81-8AA8-4081-9A4A-EA7C50B43EAA}.AppStore|Any CPU.Build.0 = Debug|x86
		{F4EB6F81-8AA8-4081-9A4A-EA7C50B43EAA}.AppStore|Any CPU.Deploy.0 = Debug|x86
		{F4EB6F81-8AA8-4081-9A4A-EA7C50B43EAA}.AppStore|ARM.ActiveCfg = Debug|ARM
		{F4EB6F81-8AA8-4081-9A4A-EA7C50B43EAA}.AppStore|ARM.Build.0 = Debug|ARM
		{F4EB6F81-8AA8-4081-9A4A-EA7C50B43EAA}.AppStore|ARM.Deploy.0 = Debug|ARM
		{F4EB6F81-8AA8-4081-9A4A-EA7C50B43EAA}.AppStore|ARM64.ActiveCfg = Debug|ARM64
		{F4EB6F81-8AA8-4081-9A4A-EA7C50B43EAA}.AppStore|ARM64.Build.0 = Debug|ARM64
		{F4EB6F81-8AA8-4081-9A4A-EA7C50B43EAA}.AppStore|ARM64.Deploy.0 = Debug|ARM64
		{F4EB6F81-8AA8-4081-9A4A-EA7C50B43EAA}.AppStore|iPhone.ActiveCfg = Debug|x86
		{F4EB6F81-8AA8-4081-9A4A-EA7C50B43EAA}.AppStore|iPhone.Build.0 = Debug|x86
		{F4EB6F81-8AA8-4081-9A4A-EA7C50B43EAA}.AppStore|iPhone.Deploy.0 = Debug|x86
		{F4EB6F81-8AA8-4081-9A4A-EA7C50B43EAA}.AppStore|iPhoneSimulator.ActiveCfg = Debug|x86
		{F4EB6F81-8AA8-4081-9A4A-EA7C50B43EAA}.AppStore|iPhoneSimulator.Build.0 = Debug|x86
		{F4EB6F81-8AA8-4081-9A4A-EA7C50B43EAA}.AppStore|iPhoneSimulator.Deploy.0 = Debug|x86
		{F4EB6F81-8AA8-4081-9A4A-EA7C50B43EAA}.AppStore|x64.ActiveCfg = Debug|x64
		{F4EB6F81-8AA8-4081-9A4A-EA7C50B43EAA}.AppStore|x64.Build.0 = Debug|x64
		{F4EB6F81-8AA8-4081-9A4A-EA7C50B43EAA}.AppStore|x64.Deploy.0 = Debug|x64
		{F4EB6F81-8AA8-4081-9A4A-EA7C50B43EAA}.AppStore|x86.ActiveCfg = Debug|x86
		{F4EB6F81-8AA8-4081-9A4A-EA7C50B43EAA}.AppStore|x86.Build.0 = Debug|x86
		{F4EB6F81-8AA8-4081-9A4A-EA7C50B43EAA}.AppStore|x86.Deploy.0 = Debug|x86
		{F4EB6F81-8AA8-4081-9A4A-EA7C50B43EAA}.Debug|Any CPU.ActiveCfg = Debug|x64
		{F4EB6F81-8AA8-4081-9A4A-EA7C50B43EAA}.Debug|Any CPU.Build.0 = Debug|x64
		{F4EB6F81-8AA8-4081-9A4A-EA7C50B43EAA}.Debug|Any CPU.Deploy.0 = Debug|x64
		{F4EB6F81-8AA8-4081-9A4A-EA7C50B43EAA}.Debug|ARM.ActiveCfg = Debug|ARM
		{F4EB6F81-8AA8-4081-9A4A-EA7C50B43EAA}.Debug|ARM.Build.0 = Debug|ARM
		{F4EB6F81-8AA8-4081-9A4A-EA7C50B43EAA}.Debug|ARM.Deploy.0 = Debug|ARM
		{F4EB6F81-8AA8-4081-9A4A-EA7C50B43EAA}.Debug|ARM64.ActiveCfg = Debug|ARM64
		{F4EB6F81-8AA8-4081-9A4A-EA7C50B43EAA}.Debug|ARM64.Build.0 = Debug|ARM64
		{F4EB6F81-8AA8-4081-9A4A-EA7C50B43EAA}.Debug|ARM64.Deploy.0 = Debug|ARM64
		{F4EB6F81-8AA8-4081-9A4A-EA7C50B43EAA}.Debug|iPhone.ActiveCfg = Debug|x64
		{F4EB6F81-8AA8-4081-9A4A-EA7C50B43EAA}.Debug|iPhone.Build.0 = Debug|x64
		{F4EB6F81-8AA8-4081-9A4A-EA7C50B43EAA}.Debug|iPhone.Deploy.0 = Debug|x64
		{F4EB6F81-8AA8-4081-9A4A-EA7C50B43EAA}.Debug|iPhoneSimulator.ActiveCfg = Debug|x64
		{F4EB6F81-8AA8-4081-9A4A-EA7C50B43EAA}.Debug|iPhoneSimulator.Build.0 = Debug|x64
		{F4EB6F81-8AA8-4081-9A4A-EA7C50B43EAA}.Debug|iPhoneSimulator.Deploy.0 = Debug|x64
		{F4EB6F81-8AA8-4081-9A4A-EA7C50B43EAA}.Debug|x64.ActiveCfg = Debug|x64
		{F4EB6F81-8AA8-4081-9A4A-EA7C50B43EAA}.Debug|x64.Build.0 = Debug|x64
		{F4EB6F81-8AA8-4081-9A4A-EA7C50B43EAA}.Debug|x64.Deploy.0 = Debug|x64
		{F4EB6F81-8AA8-4081-9A4A-EA7C50B43EAA}.Debug|x86.ActiveCfg = Debug|x86
		{F4EB6F81-8AA8-4081-9A4A-EA7C50B43EAA}.Debug|x86.Build.0 = Debug|x86
		{F4EB6F81-8AA8-4081-9A4A-EA7C50B43EAA}.Debug|x86.Deploy.0 = Debug|x86
		{F4EB6F81-8AA8-4081-9A4A-EA7C50B43EAA}.Release|Any CPU.ActiveCfg = Release|x64
		{F4EB6F81-8AA8-4081-9A4A-EA7C50B43EAA}.Release|Any CPU.Build.0 = Release|x64
		{F4EB6F81-8AA8-4081-9A4A-EA7C50B43EAA}.Release|Any CPU.Deploy.0 = Release|x64
		{F4EB6F81-8AA8-4081-9A4A-EA7C50B43EAA}.Release|ARM.ActiveCfg = Release|ARM
		{F4EB6F81-8AA8-4081-9A4A-EA7C50B43EAA}.Release|ARM.Build.0 = Release|ARM
		{F4EB6F81-8AA8-4081-9A4A-EA7C50B43EAA}.Release|ARM.Deploy.0 = Release|ARM
		{F4EB6F81-8AA8-4081-9A4A-EA7C50B43EAA}.Release|ARM64.ActiveCfg = Release|ARM64
		{F4EB6F81-8AA8-4081-9A4A-EA7C50B43EAA}.Release|ARM64.Build.0 = Release|ARM64
		{F4EB6F81-8AA8-4081-9A4A-EA7C50B43EAA}.Release|ARM64.Deploy.0 = Release|ARM64
		{F4EB6F81-8AA8-4081-9A4A-EA7C50B43EAA}.Release|iPhone.ActiveCfg = Release|x64
		{F4EB6F81-8AA8-4081-9A4A-EA7C50B43EAA}.Release|iPhone.Build.0 = Release|x64
		{F4EB6F81-8AA8-4081-9A4A-EA7C50B43EAA}.Release|iPhone.Deploy.0 = Release|x64
		{F4EB6F81-8AA8-4081-9A4A-EA7C50B43EAA}.Release|iPhoneSimulator.ActiveCfg = Release|x64
		{F4EB6F81-8AA8-4081-9A4A-EA7C50B43EAA}.Release|iPhoneSimulator.Build.0 = Release|x64
		{F4EB6F81-8AA8-4081-9A4A-EA7C50B43EAA}.Release|iPhoneSimulator.Deploy.0 = Release|x64
		{F4EB6F81-8AA8-4081-9A4A-EA7C50B43EAA}.Release|x64.ActiveCfg = Release|x64
		{F4EB6F81-8AA8-4081-9A4A-EA7C50B43EAA}.Release|x64.Build.0 = Release|x64
		{F4EB6F81-8AA8-4081-9A4A-EA7C50B43EAA}.Release|x64.Deploy.0 = Release|x64
		{F4EB6F81-8AA8-4081-9A4A-EA7C50B43EAA}.Release|x86.ActiveCfg = Release|x86
		{F4EB6F81-8AA8-4081-9A4A-EA7C50B43EAA}.Release|x86.Build.0 = Release|x86
		{F4EB6F81-8AA8-4081-9A4A-EA7C50B43EAA}.Release|x86.Deploy.0 = Release|x86
		{34020BE1-932E-433B-A8EE-EF1979ABD461}.Ad-Hoc|Any CPU.ActiveCfg = Debug|Any CPU
		{34020BE1-932E-433B-A8EE-EF1979ABD461}.Ad-Hoc|Any CPU.Build.0 = Debug|Any CPU
		{34020BE1-932E-433B-A8EE-EF1979ABD461}.Ad-Hoc|ARM.ActiveCfg = Debug|Any CPU
		{34020BE1-932E-433B-A8EE-EF1979ABD461}.Ad-Hoc|ARM.Build.0 = Debug|Any CPU
		{34020BE1-932E-433B-A8EE-EF1979ABD461}.Ad-Hoc|ARM64.ActiveCfg = Debug|Any CPU
		{34020BE1-932E-433B-A8EE-EF1979ABD461}.Ad-Hoc|ARM64.Build.0 = Debug|Any CPU
		{34020BE1-932E-433B-A8EE-EF1979ABD461}.Ad-Hoc|iPhone.ActiveCfg = Debug|Any CPU
		{34020BE1-932E-433B-A8EE-EF1979ABD461}.Ad-Hoc|iPhone.Build.0 = Debug|Any CPU
		{34020BE1-932E-433B-A8EE-EF1979ABD461}.Ad-Hoc|iPhoneSimulator.ActiveCfg = Debug|Any CPU
		{34020BE1-932E-433B-A8EE-EF1979ABD461}.Ad-Hoc|iPhoneSimulator.Build.0 = Debug|Any CPU
		{34020BE1-932E-433B-A8EE-EF1979ABD461}.Ad-Hoc|x64.ActiveCfg = Debug|Any CPU
		{34020BE1-932E-433B-A8EE-EF1979ABD461}.Ad-Hoc|x64.Build.0 = Debug|Any CPU
		{34020BE1-932E-433B-A8EE-EF1979ABD461}.Ad-Hoc|x86.ActiveCfg = Debug|Any CPU
		{34020BE1-932E-433B-A8EE-EF1979ABD461}.Ad-Hoc|x86.Build.0 = Debug|Any CPU
		{34020BE1-932E-433B-A8EE-EF1979ABD461}.AppStore|Any CPU.ActiveCfg = Debug|Any CPU
		{34020BE1-932E-433B-A8EE-EF1979ABD461}.AppStore|Any CPU.Build.0 = Debug|Any CPU
		{34020BE1-932E-433B-A8EE-EF1979ABD461}.AppStore|ARM.ActiveCfg = Debug|Any CPU
		{34020BE1-932E-433B-A8EE-EF1979ABD461}.AppStore|ARM.Build.0 = Debug|Any CPU
		{34020BE1-932E-433B-A8EE-EF1979ABD461}.AppStore|ARM64.ActiveCfg = Debug|Any CPU
		{34020BE1-932E-433B-A8EE-EF1979ABD461}.AppStore|ARM64.Build.0 = Debug|Any CPU
		{34020BE1-932E-433B-A8EE-EF1979ABD461}.AppStore|iPhone.ActiveCfg = Debug|Any CPU
		{34020BE1-932E-433B-A8EE-EF1979ABD461}.AppStore|iPhone.Build.0 = Debug|Any CPU
		{34020BE1-932E-433B-A8EE-EF1979ABD461}.AppStore|iPhoneSimulator.ActiveCfg = Debug|Any CPU
		{34020BE1-932E-433B-A8EE-EF1979ABD461}.AppStore|iPhoneSimulator.Build.0 = Debug|Any CPU
		{34020BE1-932E-433B-A8EE-EF1979ABD461}.AppStore|x64.ActiveCfg = Debug|Any CPU
		{34020BE1-932E-433B-A8EE-EF1979ABD461}.AppStore|x64.Build.0 = Debug|Any CPU
		{34020BE1-932E-433B-A8EE-EF1979ABD461}.AppStore|x86.ActiveCfg = Debug|Any CPU
		{34020BE1-932E-433B-A8EE-EF1979ABD461}.AppStore|x86.Build.0 = Debug|Any CPU
		{34020BE1-932E-433B-A8EE-EF1979ABD461}.Debug|Any CPU.ActiveCfg = Debug|Any CPU
		{34020BE1-932E-433B-A8EE-EF1979ABD461}.Debug|Any CPU.Build.0 = Debug|Any CPU
		{34020BE1-932E-433B-A8EE-EF1979ABD461}.Debug|ARM.ActiveCfg = Debug|Any CPU
		{34020BE1-932E-433B-A8EE-EF1979ABD461}.Debug|ARM.Build.0 = Debug|Any CPU
		{34020BE1-932E-433B-A8EE-EF1979ABD461}.Debug|ARM64.ActiveCfg = Debug|Any CPU
		{34020BE1-932E-433B-A8EE-EF1979ABD461}.Debug|ARM64.Build.0 = Debug|Any CPU
		{34020BE1-932E-433B-A8EE-EF1979ABD461}.Debug|iPhone.ActiveCfg = Debug|Any CPU
		{34020BE1-932E-433B-A8EE-EF1979ABD461}.Debug|iPhone.Build.0 = Debug|Any CPU
		{34020BE1-932E-433B-A8EE-EF1979ABD461}.Debug|iPhoneSimulator.ActiveCfg = Debug|Any CPU
		{34020BE1-932E-433B-A8EE-EF1979ABD461}.Debug|iPhoneSimulator.Build.0 = Debug|Any CPU
		{34020BE1-932E-433B-A8EE-EF1979ABD461}.Debug|x64.ActiveCfg = Debug|Any CPU
		{34020BE1-932E-433B-A8EE-EF1979ABD461}.Debug|x64.Build.0 = Debug|Any CPU
		{34020BE1-932E-433B-A8EE-EF1979ABD461}.Debug|x86.ActiveCfg = Debug|Any CPU
		{34020BE1-932E-433B-A8EE-EF1979ABD461}.Debug|x86.Build.0 = Debug|Any CPU
		{34020BE1-932E-433B-A8EE-EF1979ABD461}.Release|Any CPU.ActiveCfg = Release|Any CPU
		{34020BE1-932E-433B-A8EE-EF1979ABD461}.Release|Any CPU.Build.0 = Release|Any CPU
		{34020BE1-932E-433B-A8EE-EF1979ABD461}.Release|ARM.ActiveCfg = Release|Any CPU
		{34020BE1-932E-433B-A8EE-EF1979ABD461}.Release|ARM.Build.0 = Release|Any CPU
		{34020BE1-932E-433B-A8EE-EF1979ABD461}.Release|ARM64.ActiveCfg = Release|Any CPU
		{34020BE1-932E-433B-A8EE-EF1979ABD461}.Release|ARM64.Build.0 = Release|Any CPU
		{34020BE1-932E-433B-A8EE-EF1979ABD461}.Release|iPhone.ActiveCfg = Release|Any CPU
		{34020BE1-932E-433B-A8EE-EF1979ABD461}.Release|iPhone.Build.0 = Release|Any CPU
		{34020BE1-932E-433B-A8EE-EF1979ABD461}.Release|iPhoneSimulator.ActiveCfg = Release|Any CPU
		{34020BE1-932E-433B-A8EE-EF1979ABD461}.Release|iPhoneSimulator.Build.0 = Release|Any CPU
		{34020BE1-932E-433B-A8EE-EF1979ABD461}.Release|x64.ActiveCfg = Release|Any CPU
		{34020BE1-932E-433B-A8EE-EF1979ABD461}.Release|x64.Build.0 = Release|Any CPU
		{34020BE1-932E-433B-A8EE-EF1979ABD461}.Release|x86.ActiveCfg = Release|Any CPU
		{34020BE1-932E-433B-A8EE-EF1979ABD461}.Release|x86.Build.0 = Release|Any CPU
		{0293D155-9D30-48EB-A833-F0211457A26D}.Ad-Hoc|Any CPU.ActiveCfg = Debug|iPhoneSimulator
		{0293D155-9D30-48EB-A833-F0211457A26D}.Ad-Hoc|Any CPU.Build.0 = Debug|iPhoneSimulator
		{0293D155-9D30-48EB-A833-F0211457A26D}.Ad-Hoc|ARM.ActiveCfg = Debug|iPhoneSimulator
		{0293D155-9D30-48EB-A833-F0211457A26D}.Ad-Hoc|ARM.Build.0 = Debug|iPhoneSimulator
		{0293D155-9D30-48EB-A833-F0211457A26D}.Ad-Hoc|ARM64.ActiveCfg = Debug|iPhoneSimulator
		{0293D155-9D30-48EB-A833-F0211457A26D}.Ad-Hoc|ARM64.Build.0 = Debug|iPhoneSimulator
		{0293D155-9D30-48EB-A833-F0211457A26D}.Ad-Hoc|iPhone.ActiveCfg = Debug|iPhoneSimulator
		{0293D155-9D30-48EB-A833-F0211457A26D}.Ad-Hoc|iPhone.Build.0 = Debug|iPhoneSimulator
		{0293D155-9D30-48EB-A833-F0211457A26D}.Ad-Hoc|iPhoneSimulator.ActiveCfg = Debug|iPhoneSimulator
		{0293D155-9D30-48EB-A833-F0211457A26D}.Ad-Hoc|iPhoneSimulator.Build.0 = Debug|iPhoneSimulator
		{0293D155-9D30-48EB-A833-F0211457A26D}.Ad-Hoc|x64.ActiveCfg = Debug|iPhoneSimulator
		{0293D155-9D30-48EB-A833-F0211457A26D}.Ad-Hoc|x64.Build.0 = Debug|iPhoneSimulator
		{0293D155-9D30-48EB-A833-F0211457A26D}.Ad-Hoc|x86.ActiveCfg = Debug|iPhoneSimulator
		{0293D155-9D30-48EB-A833-F0211457A26D}.Ad-Hoc|x86.Build.0 = Debug|iPhoneSimulator
		{0293D155-9D30-48EB-A833-F0211457A26D}.AppStore|Any CPU.ActiveCfg = Debug|iPhoneSimulator
		{0293D155-9D30-48EB-A833-F0211457A26D}.AppStore|Any CPU.Build.0 = Debug|iPhoneSimulator
		{0293D155-9D30-48EB-A833-F0211457A26D}.AppStore|ARM.ActiveCfg = Debug|iPhoneSimulator
		{0293D155-9D30-48EB-A833-F0211457A26D}.AppStore|ARM.Build.0 = Debug|iPhoneSimulator
		{0293D155-9D30-48EB-A833-F0211457A26D}.AppStore|ARM64.ActiveCfg = Debug|iPhoneSimulator
		{0293D155-9D30-48EB-A833-F0211457A26D}.AppStore|ARM64.Build.0 = Debug|iPhoneSimulator
		{0293D155-9D30-48EB-A833-F0211457A26D}.AppStore|iPhone.ActiveCfg = Debug|iPhoneSimulator
		{0293D155-9D30-48EB-A833-F0211457A26D}.AppStore|iPhone.Build.0 = Debug|iPhoneSimulator
		{0293D155-9D30-48EB-A833-F0211457A26D}.AppStore|iPhoneSimulator.ActiveCfg = Debug|iPhoneSimulator
		{0293D155-9D30-48EB-A833-F0211457A26D}.AppStore|iPhoneSimulator.Build.0 = Debug|iPhoneSimulator
		{0293D155-9D30-48EB-A833-F0211457A26D}.AppStore|x64.ActiveCfg = Debug|iPhoneSimulator
		{0293D155-9D30-48EB-A833-F0211457A26D}.AppStore|x64.Build.0 = Debug|iPhoneSimulator
		{0293D155-9D30-48EB-A833-F0211457A26D}.AppStore|x86.ActiveCfg = Debug|iPhoneSimulator
		{0293D155-9D30-48EB-A833-F0211457A26D}.AppStore|x86.Build.0 = Debug|iPhoneSimulator
		{0293D155-9D30-48EB-A833-F0211457A26D}.Debug|Any CPU.ActiveCfg = Debug|iPhoneSimulator
		{0293D155-9D30-48EB-A833-F0211457A26D}.Debug|Any CPU.Build.0 = Debug|iPhoneSimulator
		{0293D155-9D30-48EB-A833-F0211457A26D}.Debug|ARM.ActiveCfg = Debug|iPhoneSimulator
		{0293D155-9D30-48EB-A833-F0211457A26D}.Debug|ARM.Build.0 = Debug|iPhoneSimulator
		{0293D155-9D30-48EB-A833-F0211457A26D}.Debug|ARM64.ActiveCfg = Debug|iPhoneSimulator
		{0293D155-9D30-48EB-A833-F0211457A26D}.Debug|ARM64.Build.0 = Debug|iPhoneSimulator
		{0293D155-9D30-48EB-A833-F0211457A26D}.Debug|iPhone.ActiveCfg = Debug|iPhoneSimulator
		{0293D155-9D30-48EB-A833-F0211457A26D}.Debug|iPhone.Build.0 = Debug|iPhoneSimulator
		{0293D155-9D30-48EB-A833-F0211457A26D}.Debug|iPhoneSimulator.ActiveCfg = Debug|iPhoneSimulator
		{0293D155-9D30-48EB-A833-F0211457A26D}.Debug|iPhoneSimulator.Build.0 = Debug|iPhoneSimulator
		{0293D155-9D30-48EB-A833-F0211457A26D}.Debug|x64.ActiveCfg = Debug|iPhoneSimulator
		{0293D155-9D30-48EB-A833-F0211457A26D}.Debug|x64.Build.0 = Debug|iPhoneSimulator
		{0293D155-9D30-48EB-A833-F0211457A26D}.Debug|x86.ActiveCfg = Debug|iPhoneSimulator
		{0293D155-9D30-48EB-A833-F0211457A26D}.Debug|x86.Build.0 = Debug|iPhoneSimulator
		{0293D155-9D30-48EB-A833-F0211457A26D}.Release|Any CPU.ActiveCfg = Release|iPhoneSimulator
		{0293D155-9D30-48EB-A833-F0211457A26D}.Release|Any CPU.Build.0 = Release|iPhoneSimulator
		{0293D155-9D30-48EB-A833-F0211457A26D}.Release|ARM.ActiveCfg = Release|iPhoneSimulator
		{0293D155-9D30-48EB-A833-F0211457A26D}.Release|ARM.Build.0 = Release|iPhoneSimulator
		{0293D155-9D30-48EB-A833-F0211457A26D}.Release|ARM64.ActiveCfg = Release|iPhoneSimulator
		{0293D155-9D30-48EB-A833-F0211457A26D}.Release|ARM64.Build.0 = Release|iPhoneSimulator
		{0293D155-9D30-48EB-A833-F0211457A26D}.Release|iPhone.ActiveCfg = Release|iPhoneSimulator
		{0293D155-9D30-48EB-A833-F0211457A26D}.Release|iPhone.Build.0 = Release|iPhoneSimulator
		{0293D155-9D30-48EB-A833-F0211457A26D}.Release|iPhoneSimulator.ActiveCfg = Release|iPhoneSimulator
		{0293D155-9D30-48EB-A833-F0211457A26D}.Release|iPhoneSimulator.Build.0 = Release|iPhoneSimulator
		{0293D155-9D30-48EB-A833-F0211457A26D}.Release|x64.ActiveCfg = Release|iPhoneSimulator
		{0293D155-9D30-48EB-A833-F0211457A26D}.Release|x64.Build.0 = Release|iPhoneSimulator
		{0293D155-9D30-48EB-A833-F0211457A26D}.Release|x86.ActiveCfg = Release|iPhoneSimulator
		{0293D155-9D30-48EB-A833-F0211457A26D}.Release|x86.Build.0 = Release|iPhoneSimulator
		{3E55D0F1-1473-46B9-8A09-C48824E1EB9E}.Ad-Hoc|Any CPU.ActiveCfg = Debug|Any CPU
		{3E55D0F1-1473-46B9-8A09-C48824E1EB9E}.Ad-Hoc|Any CPU.Build.0 = Debug|Any CPU
		{3E55D0F1-1473-46B9-8A09-C48824E1EB9E}.Ad-Hoc|ARM.ActiveCfg = Debug|Any CPU
		{3E55D0F1-1473-46B9-8A09-C48824E1EB9E}.Ad-Hoc|ARM.Build.0 = Debug|Any CPU
		{3E55D0F1-1473-46B9-8A09-C48824E1EB9E}.Ad-Hoc|ARM64.ActiveCfg = Debug|Any CPU
		{3E55D0F1-1473-46B9-8A09-C48824E1EB9E}.Ad-Hoc|ARM64.Build.0 = Debug|Any CPU
		{3E55D0F1-1473-46B9-8A09-C48824E1EB9E}.Ad-Hoc|iPhone.ActiveCfg = Debug|Any CPU
		{3E55D0F1-1473-46B9-8A09-C48824E1EB9E}.Ad-Hoc|iPhone.Build.0 = Debug|Any CPU
		{3E55D0F1-1473-46B9-8A09-C48824E1EB9E}.Ad-Hoc|iPhoneSimulator.ActiveCfg = Debug|Any CPU
		{3E55D0F1-1473-46B9-8A09-C48824E1EB9E}.Ad-Hoc|iPhoneSimulator.Build.0 = Debug|Any CPU
		{3E55D0F1-1473-46B9-8A09-C48824E1EB9E}.Ad-Hoc|x64.ActiveCfg = Debug|Any CPU
		{3E55D0F1-1473-46B9-8A09-C48824E1EB9E}.Ad-Hoc|x64.Build.0 = Debug|Any CPU
		{3E55D0F1-1473-46B9-8A09-C48824E1EB9E}.Ad-Hoc|x86.ActiveCfg = Debug|Any CPU
		{3E55D0F1-1473-46B9-8A09-C48824E1EB9E}.Ad-Hoc|x86.Build.0 = Debug|Any CPU
		{3E55D0F1-1473-46B9-8A09-C48824E1EB9E}.AppStore|Any CPU.ActiveCfg = Debug|Any CPU
		{3E55D0F1-1473-46B9-8A09-C48824E1EB9E}.AppStore|Any CPU.Build.0 = Debug|Any CPU
		{3E55D0F1-1473-46B9-8A09-C48824E1EB9E}.AppStore|ARM.ActiveCfg = Debug|Any CPU
		{3E55D0F1-1473-46B9-8A09-C48824E1EB9E}.AppStore|ARM.Build.0 = Debug|Any CPU
		{3E55D0F1-1473-46B9-8A09-C48824E1EB9E}.AppStore|ARM64.ActiveCfg = Debug|Any CPU
		{3E55D0F1-1473-46B9-8A09-C48824E1EB9E}.AppStore|ARM64.Build.0 = Debug|Any CPU
		{3E55D0F1-1473-46B9-8A09-C48824E1EB9E}.AppStore|iPhone.ActiveCfg = Debug|Any CPU
		{3E55D0F1-1473-46B9-8A09-C48824E1EB9E}.AppStore|iPhone.Build.0 = Debug|Any CPU
		{3E55D0F1-1473-46B9-8A09-C48824E1EB9E}.AppStore|iPhoneSimulator.ActiveCfg = Debug|Any CPU
		{3E55D0F1-1473-46B9-8A09-C48824E1EB9E}.AppStore|iPhoneSimulator.Build.0 = Debug|Any CPU
		{3E55D0F1-1473-46B9-8A09-C48824E1EB9E}.AppStore|x64.ActiveCfg = Debug|Any CPU
		{3E55D0F1-1473-46B9-8A09-C48824E1EB9E}.AppStore|x64.Build.0 = Debug|Any CPU
		{3E55D0F1-1473-46B9-8A09-C48824E1EB9E}.AppStore|x86.ActiveCfg = Debug|Any CPU
		{3E55D0F1-1473-46B9-8A09-C48824E1EB9E}.AppStore|x86.Build.0 = Debug|Any CPU
		{3E55D0F1-1473-46B9-8A09-C48824E1EB9E}.Debug|Any CPU.ActiveCfg = Debug|Any CPU
		{3E55D0F1-1473-46B9-8A09-C48824E1EB9E}.Debug|Any CPU.Build.0 = Debug|Any CPU
		{3E55D0F1-1473-46B9-8A09-C48824E1EB9E}.Debug|ARM.ActiveCfg = Debug|Any CPU
		{3E55D0F1-1473-46B9-8A09-C48824E1EB9E}.Debug|ARM.Build.0 = Debug|Any CPU
		{3E55D0F1-1473-46B9-8A09-C48824E1EB9E}.Debug|ARM64.ActiveCfg = Debug|Any CPU
		{3E55D0F1-1473-46B9-8A09-C48824E1EB9E}.Debug|ARM64.Build.0 = Debug|Any CPU
		{3E55D0F1-1473-46B9-8A09-C48824E1EB9E}.Debug|iPhone.ActiveCfg = Debug|Any CPU
		{3E55D0F1-1473-46B9-8A09-C48824E1EB9E}.Debug|iPhone.Build.0 = Debug|Any CPU
		{3E55D0F1-1473-46B9-8A09-C48824E1EB9E}.Debug|iPhoneSimulator.ActiveCfg = Debug|Any CPU
		{3E55D0F1-1473-46B9-8A09-C48824E1EB9E}.Debug|iPhoneSimulator.Build.0 = Debug|Any CPU
		{3E55D0F1-1473-46B9-8A09-C48824E1EB9E}.Debug|x64.ActiveCfg = Debug|Any CPU
		{3E55D0F1-1473-46B9-8A09-C48824E1EB9E}.Debug|x64.Build.0 = Debug|Any CPU
		{3E55D0F1-1473-46B9-8A09-C48824E1EB9E}.Debug|x86.ActiveCfg = Debug|Any CPU
		{3E55D0F1-1473-46B9-8A09-C48824E1EB9E}.Debug|x86.Build.0 = Debug|Any CPU
		{3E55D0F1-1473-46B9-8A09-C48824E1EB9E}.Release|Any CPU.ActiveCfg = Release|Any CPU
		{3E55D0F1-1473-46B9-8A09-C48824E1EB9E}.Release|Any CPU.Build.0 = Release|Any CPU
		{3E55D0F1-1473-46B9-8A09-C48824E1EB9E}.Release|ARM.ActiveCfg = Release|Any CPU
		{3E55D0F1-1473-46B9-8A09-C48824E1EB9E}.Release|ARM.Build.0 = Release|Any CPU
		{3E55D0F1-1473-46B9-8A09-C48824E1EB9E}.Release|ARM64.ActiveCfg = Release|Any CPU
		{3E55D0F1-1473-46B9-8A09-C48824E1EB9E}.Release|ARM64.Build.0 = Release|Any CPU
		{3E55D0F1-1473-46B9-8A09-C48824E1EB9E}.Release|iPhone.ActiveCfg = Release|Any CPU
		{3E55D0F1-1473-46B9-8A09-C48824E1EB9E}.Release|iPhone.Build.0 = Release|Any CPU
		{3E55D0F1-1473-46B9-8A09-C48824E1EB9E}.Release|iPhoneSimulator.ActiveCfg = Release|Any CPU
		{3E55D0F1-1473-46B9-8A09-C48824E1EB9E}.Release|iPhoneSimulator.Build.0 = Release|Any CPU
		{3E55D0F1-1473-46B9-8A09-C48824E1EB9E}.Release|x64.ActiveCfg = Release|Any CPU
		{3E55D0F1-1473-46B9-8A09-C48824E1EB9E}.Release|x64.Build.0 = Release|Any CPU
		{3E55D0F1-1473-46B9-8A09-C48824E1EB9E}.Release|x86.ActiveCfg = Release|Any CPU
		{3E55D0F1-1473-46B9-8A09-C48824E1EB9E}.Release|x86.Build.0 = Release|Any CPU
		{736F3C3F-0819-4CC2-9355-22EF759C04C9}.Ad-Hoc|Any CPU.ActiveCfg = Debug|Any CPU
		{736F3C3F-0819-4CC2-9355-22EF759C04C9}.Ad-Hoc|Any CPU.Build.0 = Debug|Any CPU
		{736F3C3F-0819-4CC2-9355-22EF759C04C9}.Ad-Hoc|ARM.ActiveCfg = Debug|Any CPU
		{736F3C3F-0819-4CC2-9355-22EF759C04C9}.Ad-Hoc|ARM.Build.0 = Debug|Any CPU
		{736F3C3F-0819-4CC2-9355-22EF759C04C9}.Ad-Hoc|ARM64.ActiveCfg = Debug|Any CPU
		{736F3C3F-0819-4CC2-9355-22EF759C04C9}.Ad-Hoc|ARM64.Build.0 = Debug|Any CPU
		{736F3C3F-0819-4CC2-9355-22EF759C04C9}.Ad-Hoc|iPhone.ActiveCfg = Debug|Any CPU
		{736F3C3F-0819-4CC2-9355-22EF759C04C9}.Ad-Hoc|iPhone.Build.0 = Debug|Any CPU
		{736F3C3F-0819-4CC2-9355-22EF759C04C9}.Ad-Hoc|iPhoneSimulator.ActiveCfg = Debug|Any CPU
		{736F3C3F-0819-4CC2-9355-22EF759C04C9}.Ad-Hoc|iPhoneSimulator.Build.0 = Debug|Any CPU
		{736F3C3F-0819-4CC2-9355-22EF759C04C9}.Ad-Hoc|x64.ActiveCfg = Debug|Any CPU
		{736F3C3F-0819-4CC2-9355-22EF759C04C9}.Ad-Hoc|x64.Build.0 = Debug|Any CPU
		{736F3C3F-0819-4CC2-9355-22EF759C04C9}.Ad-Hoc|x86.ActiveCfg = Debug|Any CPU
		{736F3C3F-0819-4CC2-9355-22EF759C04C9}.Ad-Hoc|x86.Build.0 = Debug|Any CPU
		{736F3C3F-0819-4CC2-9355-22EF759C04C9}.AppStore|Any CPU.ActiveCfg = Debug|Any CPU
		{736F3C3F-0819-4CC2-9355-22EF759C04C9}.AppStore|Any CPU.Build.0 = Debug|Any CPU
		{736F3C3F-0819-4CC2-9355-22EF759C04C9}.AppStore|ARM.ActiveCfg = Debug|Any CPU
		{736F3C3F-0819-4CC2-9355-22EF759C04C9}.AppStore|ARM.Build.0 = Debug|Any CPU
		{736F3C3F-0819-4CC2-9355-22EF759C04C9}.AppStore|ARM64.ActiveCfg = Debug|Any CPU
		{736F3C3F-0819-4CC2-9355-22EF759C04C9}.AppStore|ARM64.Build.0 = Debug|Any CPU
		{736F3C3F-0819-4CC2-9355-22EF759C04C9}.AppStore|iPhone.ActiveCfg = Debug|Any CPU
		{736F3C3F-0819-4CC2-9355-22EF759C04C9}.AppStore|iPhone.Build.0 = Debug|Any CPU
		{736F3C3F-0819-4CC2-9355-22EF759C04C9}.AppStore|iPhoneSimulator.ActiveCfg = Debug|Any CPU
		{736F3C3F-0819-4CC2-9355-22EF759C04C9}.AppStore|iPhoneSimulator.Build.0 = Debug|Any CPU
		{736F3C3F-0819-4CC2-9355-22EF759C04C9}.AppStore|x64.ActiveCfg = Debug|Any CPU
		{736F3C3F-0819-4CC2-9355-22EF759C04C9}.AppStore|x64.Build.0 = Debug|Any CPU
		{736F3C3F-0819-4CC2-9355-22EF759C04C9}.AppStore|x86.ActiveCfg = Debug|Any CPU
		{736F3C3F-0819-4CC2-9355-22EF759C04C9}.AppStore|x86.Build.0 = Debug|Any CPU
		{736F3C3F-0819-4CC2-9355-22EF759C04C9}.Debug|Any CPU.ActiveCfg = Debug|Any CPU
		{736F3C3F-0819-4CC2-9355-22EF759C04C9}.Debug|Any CPU.Build.0 = Debug|Any CPU
		{736F3C3F-0819-4CC2-9355-22EF759C04C9}.Debug|ARM.ActiveCfg = Debug|Any CPU
		{736F3C3F-0819-4CC2-9355-22EF759C04C9}.Debug|ARM.Build.0 = Debug|Any CPU
		{736F3C3F-0819-4CC2-9355-22EF759C04C9}.Debug|ARM64.ActiveCfg = Debug|Any CPU
		{736F3C3F-0819-4CC2-9355-22EF759C04C9}.Debug|ARM64.Build.0 = Debug|Any CPU
		{736F3C3F-0819-4CC2-9355-22EF759C04C9}.Debug|iPhone.ActiveCfg = Debug|Any CPU
		{736F3C3F-0819-4CC2-9355-22EF759C04C9}.Debug|iPhone.Build.0 = Debug|Any CPU
		{736F3C3F-0819-4CC2-9355-22EF759C04C9}.Debug|iPhoneSimulator.ActiveCfg = Debug|Any CPU
		{736F3C3F-0819-4CC2-9355-22EF759C04C9}.Debug|iPhoneSimulator.Build.0 = Debug|Any CPU
		{736F3C3F-0819-4CC2-9355-22EF759C04C9}.Debug|x64.ActiveCfg = Debug|Any CPU
		{736F3C3F-0819-4CC2-9355-22EF759C04C9}.Debug|x64.Build.0 = Debug|Any CPU
		{736F3C3F-0819-4CC2-9355-22EF759C04C9}.Debug|x86.ActiveCfg = Debug|Any CPU
		{736F3C3F-0819-4CC2-9355-22EF759C04C9}.Debug|x86.Build.0 = Debug|Any CPU
		{736F3C3F-0819-4CC2-9355-22EF759C04C9}.Release|Any CPU.ActiveCfg = Release|Any CPU
		{736F3C3F-0819-4CC2-9355-22EF759C04C9}.Release|Any CPU.Build.0 = Release|Any CPU
		{736F3C3F-0819-4CC2-9355-22EF759C04C9}.Release|ARM.ActiveCfg = Release|Any CPU
		{736F3C3F-0819-4CC2-9355-22EF759C04C9}.Release|ARM.Build.0 = Release|Any CPU
		{736F3C3F-0819-4CC2-9355-22EF759C04C9}.Release|ARM64.ActiveCfg = Release|Any CPU
		{736F3C3F-0819-4CC2-9355-22EF759C04C9}.Release|ARM64.Build.0 = Release|Any CPU
		{736F3C3F-0819-4CC2-9355-22EF759C04C9}.Release|iPhone.ActiveCfg = Release|Any CPU
		{736F3C3F-0819-4CC2-9355-22EF759C04C9}.Release|iPhone.Build.0 = Release|Any CPU
		{736F3C3F-0819-4CC2-9355-22EF759C04C9}.Release|iPhoneSimulator.ActiveCfg = Release|Any CPU
		{736F3C3F-0819-4CC2-9355-22EF759C04C9}.Release|iPhoneSimulator.Build.0 = Release|Any CPU
		{736F3C3F-0819-4CC2-9355-22EF759C04C9}.Release|x64.ActiveCfg = Release|Any CPU
		{736F3C3F-0819-4CC2-9355-22EF759C04C9}.Release|x64.Build.0 = Release|Any CPU
		{736F3C3F-0819-4CC2-9355-22EF759C04C9}.Release|x86.ActiveCfg = Release|Any CPU
		{736F3C3F-0819-4CC2-9355-22EF759C04C9}.Release|x86.Build.0 = Release|Any CPU
		{F5F98831-8C50-4AD3-8314-0A76402FD333}.Ad-Hoc|Any CPU.ActiveCfg = Debug|Any CPU
		{F5F98831-8C50-4AD3-8314-0A76402FD333}.Ad-Hoc|Any CPU.Build.0 = Debug|Any CPU
		{F5F98831-8C50-4AD3-8314-0A76402FD333}.Ad-Hoc|ARM.ActiveCfg = Debug|Any CPU
		{F5F98831-8C50-4AD3-8314-0A76402FD333}.Ad-Hoc|ARM.Build.0 = Debug|Any CPU
		{F5F98831-8C50-4AD3-8314-0A76402FD333}.Ad-Hoc|ARM64.ActiveCfg = Debug|Any CPU
		{F5F98831-8C50-4AD3-8314-0A76402FD333}.Ad-Hoc|ARM64.Build.0 = Debug|Any CPU
		{F5F98831-8C50-4AD3-8314-0A76402FD333}.Ad-Hoc|iPhone.ActiveCfg = Debug|Any CPU
		{F5F98831-8C50-4AD3-8314-0A76402FD333}.Ad-Hoc|iPhone.Build.0 = Debug|Any CPU
		{F5F98831-8C50-4AD3-8314-0A76402FD333}.Ad-Hoc|iPhoneSimulator.ActiveCfg = Debug|Any CPU
		{F5F98831-8C50-4AD3-8314-0A76402FD333}.Ad-Hoc|iPhoneSimulator.Build.0 = Debug|Any CPU
		{F5F98831-8C50-4AD3-8314-0A76402FD333}.Ad-Hoc|x64.ActiveCfg = Debug|Any CPU
		{F5F98831-8C50-4AD3-8314-0A76402FD333}.Ad-Hoc|x64.Build.0 = Debug|Any CPU
		{F5F98831-8C50-4AD3-8314-0A76402FD333}.Ad-Hoc|x86.ActiveCfg = Debug|Any CPU
		{F5F98831-8C50-4AD3-8314-0A76402FD333}.Ad-Hoc|x86.Build.0 = Debug|Any CPU
		{F5F98831-8C50-4AD3-8314-0A76402FD333}.AppStore|Any CPU.ActiveCfg = Debug|Any CPU
		{F5F98831-8C50-4AD3-8314-0A76402FD333}.AppStore|Any CPU.Build.0 = Debug|Any CPU
		{F5F98831-8C50-4AD3-8314-0A76402FD333}.AppStore|ARM.ActiveCfg = Debug|Any CPU
		{F5F98831-8C50-4AD3-8314-0A76402FD333}.AppStore|ARM.Build.0 = Debug|Any CPU
		{F5F98831-8C50-4AD3-8314-0A76402FD333}.AppStore|ARM64.ActiveCfg = Debug|Any CPU
		{F5F98831-8C50-4AD3-8314-0A76402FD333}.AppStore|ARM64.Build.0 = Debug|Any CPU
		{F5F98831-8C50-4AD3-8314-0A76402FD333}.AppStore|iPhone.ActiveCfg = Debug|Any CPU
		{F5F98831-8C50-4AD3-8314-0A76402FD333}.AppStore|iPhone.Build.0 = Debug|Any CPU
		{F5F98831-8C50-4AD3-8314-0A76402FD333}.AppStore|iPhoneSimulator.ActiveCfg = Debug|Any CPU
		{F5F98831-8C50-4AD3-8314-0A76402FD333}.AppStore|iPhoneSimulator.Build.0 = Debug|Any CPU
		{F5F98831-8C50-4AD3-8314-0A76402FD333}.AppStore|x64.ActiveCfg = Debug|Any CPU
		{F5F98831-8C50-4AD3-8314-0A76402FD333}.AppStore|x64.Build.0 = Debug|Any CPU
		{F5F98831-8C50-4AD3-8314-0A76402FD333}.AppStore|x86.ActiveCfg = Debug|Any CPU
		{F5F98831-8C50-4AD3-8314-0A76402FD333}.AppStore|x86.Build.0 = Debug|Any CPU
		{F5F98831-8C50-4AD3-8314-0A76402FD333}.Debug|Any CPU.ActiveCfg = Debug|Any CPU
		{F5F98831-8C50-4AD3-8314-0A76402FD333}.Debug|Any CPU.Build.0 = Debug|Any CPU
		{F5F98831-8C50-4AD3-8314-0A76402FD333}.Debug|ARM.ActiveCfg = Debug|Any CPU
		{F5F98831-8C50-4AD3-8314-0A76402FD333}.Debug|ARM.Build.0 = Debug|Any CPU
		{F5F98831-8C50-4AD3-8314-0A76402FD333}.Debug|ARM64.ActiveCfg = Debug|Any CPU
		{F5F98831-8C50-4AD3-8314-0A76402FD333}.Debug|ARM64.Build.0 = Debug|Any CPU
		{F5F98831-8C50-4AD3-8314-0A76402FD333}.Debug|iPhone.ActiveCfg = Debug|Any CPU
		{F5F98831-8C50-4AD3-8314-0A76402FD333}.Debug|iPhone.Build.0 = Debug|Any CPU
		{F5F98831-8C50-4AD3-8314-0A76402FD333}.Debug|iPhoneSimulator.ActiveCfg = Debug|Any CPU
		{F5F98831-8C50-4AD3-8314-0A76402FD333}.Debug|iPhoneSimulator.Build.0 = Debug|Any CPU
		{F5F98831-8C50-4AD3-8314-0A76402FD333}.Debug|x64.ActiveCfg = Debug|Any CPU
		{F5F98831-8C50-4AD3-8314-0A76402FD333}.Debug|x64.Build.0 = Debug|Any CPU
		{F5F98831-8C50-4AD3-8314-0A76402FD333}.Debug|x86.ActiveCfg = Debug|Any CPU
		{F5F98831-8C50-4AD3-8314-0A76402FD333}.Debug|x86.Build.0 = Debug|Any CPU
		{F5F98831-8C50-4AD3-8314-0A76402FD333}.Release|Any CPU.ActiveCfg = Release|Any CPU
		{F5F98831-8C50-4AD3-8314-0A76402FD333}.Release|Any CPU.Build.0 = Release|Any CPU
		{F5F98831-8C50-4AD3-8314-0A76402FD333}.Release|ARM.ActiveCfg = Release|Any CPU
		{F5F98831-8C50-4AD3-8314-0A76402FD333}.Release|ARM.Build.0 = Release|Any CPU
		{F5F98831-8C50-4AD3-8314-0A76402FD333}.Release|ARM64.ActiveCfg = Release|Any CPU
		{F5F98831-8C50-4AD3-8314-0A76402FD333}.Release|ARM64.Build.0 = Release|Any CPU
		{F5F98831-8C50-4AD3-8314-0A76402FD333}.Release|iPhone.ActiveCfg = Release|Any CPU
		{F5F98831-8C50-4AD3-8314-0A76402FD333}.Release|iPhone.Build.0 = Release|Any CPU
		{F5F98831-8C50-4AD3-8314-0A76402FD333}.Release|iPhoneSimulator.ActiveCfg = Release|Any CPU
		{F5F98831-8C50-4AD3-8314-0A76402FD333}.Release|iPhoneSimulator.Build.0 = Release|Any CPU
		{F5F98831-8C50-4AD3-8314-0A76402FD333}.Release|x64.ActiveCfg = Release|Any CPU
		{F5F98831-8C50-4AD3-8314-0A76402FD333}.Release|x64.Build.0 = Release|Any CPU
		{F5F98831-8C50-4AD3-8314-0A76402FD333}.Release|x86.ActiveCfg = Release|Any CPU
		{F5F98831-8C50-4AD3-8314-0A76402FD333}.Release|x86.Build.0 = Release|Any CPU
		{A020D5A8-EB07-49D3-8D83-DF3E3267E1FC}.Ad-Hoc|Any CPU.ActiveCfg = Debug|Any CPU
		{A020D5A8-EB07-49D3-8D83-DF3E3267E1FC}.Ad-Hoc|Any CPU.Build.0 = Debug|Any CPU
		{A020D5A8-EB07-49D3-8D83-DF3E3267E1FC}.Ad-Hoc|ARM.ActiveCfg = Debug|Any CPU
		{A020D5A8-EB07-49D3-8D83-DF3E3267E1FC}.Ad-Hoc|ARM.Build.0 = Debug|Any CPU
		{A020D5A8-EB07-49D3-8D83-DF3E3267E1FC}.Ad-Hoc|ARM64.ActiveCfg = Debug|Any CPU
		{A020D5A8-EB07-49D3-8D83-DF3E3267E1FC}.Ad-Hoc|ARM64.Build.0 = Debug|Any CPU
		{A020D5A8-EB07-49D3-8D83-DF3E3267E1FC}.Ad-Hoc|iPhone.ActiveCfg = Debug|Any CPU
		{A020D5A8-EB07-49D3-8D83-DF3E3267E1FC}.Ad-Hoc|iPhone.Build.0 = Debug|Any CPU
		{A020D5A8-EB07-49D3-8D83-DF3E3267E1FC}.Ad-Hoc|iPhoneSimulator.ActiveCfg = Debug|Any CPU
		{A020D5A8-EB07-49D3-8D83-DF3E3267E1FC}.Ad-Hoc|iPhoneSimulator.Build.0 = Debug|Any CPU
		{A020D5A8-EB07-49D3-8D83-DF3E3267E1FC}.Ad-Hoc|x64.ActiveCfg = Debug|Any CPU
		{A020D5A8-EB07-49D3-8D83-DF3E3267E1FC}.Ad-Hoc|x64.Build.0 = Debug|Any CPU
		{A020D5A8-EB07-49D3-8D83-DF3E3267E1FC}.Ad-Hoc|x86.ActiveCfg = Debug|Any CPU
		{A020D5A8-EB07-49D3-8D83-DF3E3267E1FC}.Ad-Hoc|x86.Build.0 = Debug|Any CPU
		{A020D5A8-EB07-49D3-8D83-DF3E3267E1FC}.AppStore|Any CPU.ActiveCfg = Debug|Any CPU
		{A020D5A8-EB07-49D3-8D83-DF3E3267E1FC}.AppStore|Any CPU.Build.0 = Debug|Any CPU
		{A020D5A8-EB07-49D3-8D83-DF3E3267E1FC}.AppStore|ARM.ActiveCfg = Debug|Any CPU
		{A020D5A8-EB07-49D3-8D83-DF3E3267E1FC}.AppStore|ARM.Build.0 = Debug|Any CPU
		{A020D5A8-EB07-49D3-8D83-DF3E3267E1FC}.AppStore|ARM64.ActiveCfg = Debug|Any CPU
		{A020D5A8-EB07-49D3-8D83-DF3E3267E1FC}.AppStore|ARM64.Build.0 = Debug|Any CPU
		{A020D5A8-EB07-49D3-8D83-DF3E3267E1FC}.AppStore|iPhone.ActiveCfg = Debug|Any CPU
		{A020D5A8-EB07-49D3-8D83-DF3E3267E1FC}.AppStore|iPhone.Build.0 = Debug|Any CPU
		{A020D5A8-EB07-49D3-8D83-DF3E3267E1FC}.AppStore|iPhoneSimulator.ActiveCfg = Debug|Any CPU
		{A020D5A8-EB07-49D3-8D83-DF3E3267E1FC}.AppStore|iPhoneSimulator.Build.0 = Debug|Any CPU
		{A020D5A8-EB07-49D3-8D83-DF3E3267E1FC}.AppStore|x64.ActiveCfg = Debug|Any CPU
		{A020D5A8-EB07-49D3-8D83-DF3E3267E1FC}.AppStore|x64.Build.0 = Debug|Any CPU
		{A020D5A8-EB07-49D3-8D83-DF3E3267E1FC}.AppStore|x86.ActiveCfg = Debug|Any CPU
		{A020D5A8-EB07-49D3-8D83-DF3E3267E1FC}.AppStore|x86.Build.0 = Debug|Any CPU
		{A020D5A8-EB07-49D3-8D83-DF3E3267E1FC}.Debug|Any CPU.ActiveCfg = Debug|Any CPU
		{A020D5A8-EB07-49D3-8D83-DF3E3267E1FC}.Debug|Any CPU.Build.0 = Debug|Any CPU
		{A020D5A8-EB07-49D3-8D83-DF3E3267E1FC}.Debug|ARM.ActiveCfg = Debug|Any CPU
		{A020D5A8-EB07-49D3-8D83-DF3E3267E1FC}.Debug|ARM.Build.0 = Debug|Any CPU
		{A020D5A8-EB07-49D3-8D83-DF3E3267E1FC}.Debug|ARM64.ActiveCfg = Debug|Any CPU
		{A020D5A8-EB07-49D3-8D83-DF3E3267E1FC}.Debug|ARM64.Build.0 = Debug|Any CPU
		{A020D5A8-EB07-49D3-8D83-DF3E3267E1FC}.Debug|iPhone.ActiveCfg = Debug|Any CPU
		{A020D5A8-EB07-49D3-8D83-DF3E3267E1FC}.Debug|iPhone.Build.0 = Debug|Any CPU
		{A020D5A8-EB07-49D3-8D83-DF3E3267E1FC}.Debug|iPhoneSimulator.ActiveCfg = Debug|Any CPU
		{A020D5A8-EB07-49D3-8D83-DF3E3267E1FC}.Debug|iPhoneSimulator.Build.0 = Debug|Any CPU
		{A020D5A8-EB07-49D3-8D83-DF3E3267E1FC}.Debug|x64.ActiveCfg = Debug|Any CPU
		{A020D5A8-EB07-49D3-8D83-DF3E3267E1FC}.Debug|x64.Build.0 = Debug|Any CPU
		{A020D5A8-EB07-49D3-8D83-DF3E3267E1FC}.Debug|x86.ActiveCfg = Debug|Any CPU
		{A020D5A8-EB07-49D3-8D83-DF3E3267E1FC}.Debug|x86.Build.0 = Debug|Any CPU
		{A020D5A8-EB07-49D3-8D83-DF3E3267E1FC}.Release|Any CPU.ActiveCfg = Release|Any CPU
		{A020D5A8-EB07-49D3-8D83-DF3E3267E1FC}.Release|Any CPU.Build.0 = Release|Any CPU
		{A020D5A8-EB07-49D3-8D83-DF3E3267E1FC}.Release|ARM.ActiveCfg = Release|Any CPU
		{A020D5A8-EB07-49D3-8D83-DF3E3267E1FC}.Release|ARM.Build.0 = Release|Any CPU
		{A020D5A8-EB07-49D3-8D83-DF3E3267E1FC}.Release|ARM64.ActiveCfg = Release|Any CPU
		{A020D5A8-EB07-49D3-8D83-DF3E3267E1FC}.Release|ARM64.Build.0 = Release|Any CPU
		{A020D5A8-EB07-49D3-8D83-DF3E3267E1FC}.Release|iPhone.ActiveCfg = Release|Any CPU
		{A020D5A8-EB07-49D3-8D83-DF3E3267E1FC}.Release|iPhone.Build.0 = Release|Any CPU
		{A020D5A8-EB07-49D3-8D83-DF3E3267E1FC}.Release|iPhoneSimulator.ActiveCfg = Release|Any CPU
		{A020D5A8-EB07-49D3-8D83-DF3E3267E1FC}.Release|iPhoneSimulator.Build.0 = Release|Any CPU
		{A020D5A8-EB07-49D3-8D83-DF3E3267E1FC}.Release|x64.ActiveCfg = Release|Any CPU
		{A020D5A8-EB07-49D3-8D83-DF3E3267E1FC}.Release|x64.Build.0 = Release|Any CPU
		{A020D5A8-EB07-49D3-8D83-DF3E3267E1FC}.Release|x86.ActiveCfg = Release|Any CPU
		{A020D5A8-EB07-49D3-8D83-DF3E3267E1FC}.Release|x86.Build.0 = Release|Any CPU
	EndGlobalSection
	GlobalSection(SolutionProperties) = preSolution
		HideSolutionNode = FALSE
	EndGlobalSection
	GlobalSection(NestedProjects) = preSolution
		{DB6D4E7A-19D0-475F-9834-99CA3260537D} = {FB8816DC-E58B-45D4-ACAB-67C29245173C}
		{97B851CA-096D-4B21-AB42-C856D6D068AA} = {FB8816DC-E58B-45D4-ACAB-67C29245173C}
		{F4EB6F81-8AA8-4081-9A4A-EA7C50B43EAA} = {FB8816DC-E58B-45D4-ACAB-67C29245173C}
		{34020BE1-932E-433B-A8EE-EF1979ABD461} = {FB8816DC-E58B-45D4-ACAB-67C29245173C}
		{0293D155-9D30-48EB-A833-F0211457A26D} = {FB8816DC-E58B-45D4-ACAB-67C29245173C}
		{3E55D0F1-1473-46B9-8A09-C48824E1EB9E} = {FB8816DC-E58B-45D4-ACAB-67C29245173C}
		{736F3C3F-0819-4CC2-9355-22EF759C04C9} = {FB8816DC-E58B-45D4-ACAB-67C29245173C}
		{F5F98831-8C50-4AD3-8314-0A76402FD333} = {FB8816DC-E58B-45D4-ACAB-67C29245173C}
		{A020D5A8-EB07-49D3-8D83-DF3E3267E1FC} = {FB8816DC-E58B-45D4-ACAB-67C29245173C}
	EndGlobalSection
	GlobalSection(ExtensibilityGlobals) = postSolution
		SolutionGuid = {F96E741D-98D2-40E5-8079-0996985AEECC}
	EndGlobalSection
EndGlobal
